
Microsoft Visual Studio Solution File, Format Version 12.00
# Visual Studio Version 17
VisualStudioVersion = 17.10.35122.118
MinimumVisualStudioVersion = 10.0.40219.1
Project("{9A19103F-16F7-4668-BE54-9A1E7A4F7556}") = "BussinessObjects", "BussinessObjects\BussinessObjects.csproj", "{B9A5AC68-8BDA-41F8-BC8A-2C7040F29584}"
EndProject
Project("{9A19103F-16F7-4668-BE54-9A1E7A4F7556}") = "DataAccessObjects", "DataAccessObjects\DataAccessObjects.csproj", "{CBE4A38E-D315-4800-B4A4-974C38F3E044}"
EndProject
Project("{9A19103F-16F7-4668-BE54-9A1E7A4F7556}") = "Repositories", "Repositories\Repositories.csproj", "{5B1589C6-D7A0-4BD4-B3D7-28EE4D147CD3}"
EndProject
Project("{9A19103F-16F7-4668-BE54-9A1E7A4F7556}") = "Services", "Services\Services.csproj", "{350A0A6F-F9CF-447F-A3AB-51CDFC5E5FA3}"
EndProject
Project("{9A19103F-16F7-4668-BE54-9A1E7A4F7556}") = "MyAPIs", "MyAPI\MyAPIs.csproj", "{0D3E5921-20F8-4353-907E-C06E1E4D78C3}"
EndProject
Project("{9A19103F-16F7-4668-BE54-9A1E7A4F7556}") = "MyFEs", "MyFE\MyFEs.csproj", "{D64ADEF1-0CFE-4E54-8C95-830DE628E084}"
EndProject
Global
	GlobalSection(SolutionConfigurationPlatforms) = preSolution
		Debug|Any CPU = Debug|Any CPU
		Release|Any CPU = Release|Any CPU
	EndGlobalSection
	GlobalSection(ProjectConfigurationPlatforms) = postSolution
		{B9A5AC68-8BDA-41F8-BC8A-2C7040F29584}.Debug|Any CPU.ActiveCfg = Debug|Any CPU
		{B9A5AC68-8BDA-41F8-BC8A-2C7040F29584}.Debug|Any CPU.Build.0 = Debug|Any CPU
		{B9A5AC68-8BDA-41F8-BC8A-2C7040F29584}.Release|Any CPU.ActiveCfg = Release|Any CPU
		{B9A5AC68-8BDA-41F8-BC8A-2C7040F29584}.Release|Any CPU.Build.0 = Release|Any CPU
		{CBE4A38E-D315-4800-B4A4-974C38F3E044}.Debug|Any CPU.ActiveCfg = Debug|Any CPU
		{CBE4A38E-D315-4800-B4A4-974C38F3E044}.Debug|Any CPU.Build.0 = Debug|Any CPU
		{CBE4A38E-D315-4800-B4A4-974C38F3E044}.Release|Any CPU.ActiveCfg = Release|Any CPU
		{CBE4A38E-D315-4800-B4A4-974C38F3E044}.Release|Any CPU.Build.0 = Release|Any CPU
		{5B1589C6-D7A0-4BD4-B3D7-28EE4D147CD3}.Debug|Any CPU.ActiveCfg = Debug|Any CPU
		{5B1589C6-D7A0-4BD4-B3D7-28EE4D147CD3}.Debug|Any CPU.Build.0 = Debug|Any CPU
		{5B1589C6-D7A0-4BD4-B3D7-28EE4D147CD3}.Release|Any CPU.ActiveCfg = Release|Any CPU
		{5B1589C6-D7A0-4BD4-B3D7-28EE4D147CD3}.Release|Any CPU.Build.0 = Release|Any CPU
		{350A0A6F-F9CF-447F-A3AB-51CDFC5E5FA3}.Debug|Any CPU.ActiveCfg = Debug|Any CPU
		{350A0A6F-F9CF-447F-A3AB-51CDFC5E5FA3}.Debug|Any CPU.Build.0 = Debug|Any CPU
		{350A0A6F-F9CF-447F-A3AB-51CDFC5E5FA3}.Release|Any CPU.ActiveCfg = Release|Any CPU
		{350A0A6F-F9CF-447F-A3AB-51CDFC5E5FA3}.Release|Any CPU.Build.0 = Release|Any CPU
		{0D3E5921-20F8-4353-907E-C06E1E4D78C3}.Debug|Any CPU.ActiveCfg = Debug|Any CPU
		{0D3E5921-20F8-4353-907E-C06E1E4D78C3}.Debug|Any CPU.Build.0 = Debug|Any CPU
		{0D3E5921-20F8-4353-907E-C06E1E4D78C3}.Release|Any CPU.ActiveCfg = Release|Any CPU
		{0D3E5921-20F8-4353-907E-C06E1E4D78C3}.Release|Any CPU.Build.0 = Release|Any CPU
		{D64ADEF1-0CFE-4E54-8C95-830DE628E084}.Debug|Any CPU.ActiveCfg = Debug|Any CPU
		{D64ADEF1-0CFE-4E54-8C95-830DE628E084}.Debug|Any CPU.Build.0 = Debug|Any CPU
		{D64ADEF1-0CFE-4E54-8C95-830DE628E084}.Release|Any CPU.ActiveCfg = Release|Any CPU
		{D64ADEF1-0CFE-4E54-8C95-830DE628E084}.Release|Any CPU.Build.0 = Release|Any CPU
	EndGlobalSection
	GlobalSection(SolutionProperties) = preSolution
		HideSolutionNode = FALSE
	EndGlobalSection
	GlobalSection(ExtensibilityGlobals) = postSolution
		SolutionGuid = {2C057D1E-26C1-4CD3-80BD-0CE78F4FC394}
	EndGlobalSection
EndGlobal
